
Microsoft Visual Studio Solution File, Format Version 12.00
# Visual Studio 2012
Project("{FAE04EC0-301F-11D3-BF4B-00C04F79EFBC}") = "Asml-Level100Pikachus", "Asml-Level100Pikachus\Asml-Level100Pikachus.csproj", "{600E99FB-9864-4D1C-91EB-B9343716DCF6}"
EndProject
Project("{F088123C-0E9E-452A-89E6-6BA2F21D5CAC}") = "classDiagramProject", "classDiagramProject\classDiagramProject.modelproj", "{EAC39AD5-4C35-4322-AAA9-263F5D3151B3}"
EndProject
Project("{F088123C-0E9E-452A-89E6-6BA2F21D5CAC}") = "ModelingProject1", "UseCaseModels\ModelingProject1.modelproj", "{72C4D5A6-ACFB-4AD8-9691-6AD80A62C61F}"
EndProject
Global
	GlobalSection(SolutionConfigurationPlatforms) = preSolution
		Debug|Any CPU = Debug|Any CPU
		Release|Any CPU = Release|Any CPU
	EndGlobalSection
	GlobalSection(ProjectConfigurationPlatforms) = postSolution
		{600E99FB-9864-4D1C-91EB-B9343716DCF6}.Debug|Any CPU.ActiveCfg = Debug|Any CPU
		{600E99FB-9864-4D1C-91EB-B9343716DCF6}.Debug|Any CPU.Build.0 = Debug|Any CPU
		{600E99FB-9864-4D1C-91EB-B9343716DCF6}.Release|Any CPU.ActiveCfg = Release|Any CPU
		{600E99FB-9864-4D1C-91EB-B9343716DCF6}.Release|Any CPU.Build.0 = Release|Any CPU
		{EAC39AD5-4C35-4322-AAA9-263F5D3151B3}.Debug|Any CPU.ActiveCfg = Debug|Any CPU
		{EAC39AD5-4C35-4322-AAA9-263F5D3151B3}.Debug|Any CPU.Build.0 = Debug|Any CPU
		{EAC39AD5-4C35-4322-AAA9-263F5D3151B3}.Release|Any CPU.ActiveCfg = Release|Any CPU
		{EAC39AD5-4C35-4322-AAA9-263F5D3151B3}.Release|Any CPU.Build.0 = Release|Any CPU
		{72C4D5A6-ACFB-4AD8-9691-6AD80A62C61F}.Debug|Any CPU.ActiveCfg = Debug|Any CPU
		{72C4D5A6-ACFB-4AD8-9691-6AD80A62C61F}.Debug|Any CPU.Build.0 = Debug|Any CPU
		{72C4D5A6-ACFB-4AD8-9691-6AD80A62C61F}.Release|Any CPU.ActiveCfg = Release|Any CPU
		{72C4D5A6-ACFB-4AD8-9691-6AD80A62C61F}.Release|Any CPU.Build.0 = Release|Any CPU
	EndGlobalSection
	GlobalSection(SolutionProperties) = preSolution
		HideSolutionNode = FALSE
	EndGlobalSection
EndGlobal
